// !$*UTF8*$!
{
	archiveVersion = 1;
	classes = {
	};
	objectVersion = 56;
	objects = {

/* Begin PBXBuildFile section */
		9C7E133229665B9F006347B4 /* uiSwiftApp.swift in Sources */ = {isa = PBXBuildFile; fileRef = 9C7E133129665B9F006347B4 /* uiSwiftApp.swift */; };
		9C7E133429665B9F006347B4 /* ContentView.swift in Sources */ = {isa = PBXBuildFile; fileRef = 9C7E133329665B9F006347B4 /* ContentView.swift */; };
		9C7E133629665BA0006347B4 /* Assets.xcassets in Resources */ = {isa = PBXBuildFile; fileRef = 9C7E133529665BA0006347B4 /* Assets.xcassets */; };
		9C7E133929665BA0006347B4 /* Preview Assets.xcassets in Resources */ = {isa = PBXBuildFile; fileRef = 9C7E133829665BA0006347B4 /* Preview Assets.xcassets */; };
		9C7E134329665BA0006347B4 /* uiSwiftTests.swift in Sources */ = {isa = PBXBuildFile; fileRef = 9C7E134229665BA0006347B4 /* uiSwiftTests.swift */; };
		9C7E134D29665BA0006347B4 /* uiSwiftUITests.swift in Sources */ = {isa = PBXBuildFile; fileRef = 9C7E134C29665BA0006347B4 /* uiSwiftUITests.swift */; };
		9C7E134F29665BA0006347B4 /* uiSwiftUITestsLaunchTests.swift in Sources */ = {isa = PBXBuildFile; fileRef = 9C7E134E29665BA0006347B4 /* uiSwiftUITestsLaunchTests.swift */; };
/* End PBXBuildFile section */

/* Begin PBXContainerItemProxy section */
		9C7E133F29665BA0006347B4 /* PBXContainerItemProxy */ = {
			isa = PBXContainerItemProxy;
			containerPortal = 9C7E132629665B9F006347B4 /* Project object */;
			proxyType = 1;
			remoteGlobalIDString = 9C7E132D29665B9F006347B4;
			remoteInfo = uiSwift;
		};
		9C7E134929665BA0006347B4 /* PBXContainerItemProxy */ = {
			isa = PBXContainerItemProxy;
			containerPortal = 9C7E132629665B9F006347B4 /* Project object */;
			proxyType = 1;
			remoteGlobalIDString = 9C7E132D29665B9F006347B4;
			remoteInfo = uiSwift;
		};
/* End PBXContainerItemProxy section */

/* Begin PBXFileReference section */
		9C7E132E29665B9F006347B4 /* uiSwift.app */ = {isa = PBXFileReference; explicitFileType = wrapper.application; includeInIndex = 0; path = uiSwift.app; sourceTree = BUILT_PRODUCTS_DIR; };
		9C7E133129665B9F006347B4 /* uiSwiftApp.swift */ = {isa = PBXFileReference; lastKnownFileType = sourcecode.swift; path = uiSwiftApp.swift; sourceTree = "<group>"; };
		9C7E133329665B9F006347B4 /* ContentView.swift */ = {isa = PBXFileReference; lastKnownFileType = sourcecode.swift; path = ContentView.swift; sourceTree = "<group>"; };
		9C7E133529665BA0006347B4 /* Assets.xcassets */ = {isa = PBXFileReference; lastKnownFileType = folder.assetcatalog; path = Assets.xcassets; sourceTree = "<group>"; };
		9C7E133829665BA0006347B4 /* Preview Assets.xcassets */ = {isa = PBXFileReference; lastKnownFileType = folder.assetcatalog; path = "Preview Assets.xcassets"; sourceTree = "<group>"; };
		9C7E133E29665BA0006347B4 /* uiSwiftTests.xctest */ = {isa = PBXFileReference; explicitFileType = wrapper.cfbundle; includeInIndex = 0; path = uiSwiftTests.xctest; sourceTree = BUILT_PRODUCTS_DIR; };
		9C7E134229665BA0006347B4 /* uiSwiftTests.swift */ = {isa = PBXFileReference; lastKnownFileType = sourcecode.swift; path = uiSwiftTests.swift; sourceTree = "<group>"; };
		9C7E134829665BA0006347B4 /* uiSwiftUITests.xctest */ = {isa = PBXFileReference; explicitFileType = wrapper.cfbundle; includeInIndex = 0; path = uiSwiftUITests.xctest; sourceTree = BUILT_PRODUCTS_DIR; };
		9C7E134C29665BA0006347B4 /* uiSwiftUITests.swift */ = {isa = PBXFileReference; lastKnownFileType = sourcecode.swift; path = uiSwiftUITests.swift; sourceTree = "<group>"; };
		9C7E134E29665BA0006347B4 /* uiSwiftUITestsLaunchTests.swift */ = {isa = PBXFileReference; lastKnownFileType = sourcecode.swift; path = uiSwiftUITestsLaunchTests.swift; sourceTree = "<group>"; };
/* End PBXFileReference section */

/* Begin PBXFrameworksBuildPhase section */
		9C7E132B29665B9F006347B4 /* Frameworks */ = {
			isa = PBXFrameworksBuildPhase;
			buildActionMask = 2147483647;
			files = (
			);
			runOnlyForDeploymentPostprocessing = 0;
		};
		9C7E133B29665BA0006347B4 /* Frameworks */ = {
			isa = PBXFrameworksBuildPhase;
			buildActionMask = 2147483647;
			files = (
			);
			runOnlyForDeploymentPostprocessing = 0;
		};
		9C7E134529665BA0006347B4 /* Frameworks */ = {
			isa = PBXFrameworksBuildPhase;
			buildActionMask = 2147483647;
			files = (
			);
			runOnlyForDeploymentPostprocessing = 0;
		};
/* End PBXFrameworksBuildPhase section */

/* Begin PBXGroup section */
		9C7E132529665B9F006347B4 = {
			isa = PBXGroup;
			children = (
				9C7E133029665B9F006347B4 /* uiSwift */,
				9C7E134129665BA0006347B4 /* uiSwiftTests */,
				9C7E134B29665BA0006347B4 /* uiSwiftUITests */,
				9C7E132F29665B9F006347B4 /* Products */,
			);
			sourceTree = "<group>";
		};
		9C7E132F29665B9F006347B4 /* Products */ = {
			isa = PBXGroup;
			children = (
				9C7E132E29665B9F006347B4 /* uiSwift.app */,
				9C7E133E29665BA0006347B4 /* uiSwiftTests.xctest */,
				9C7E134829665BA0006347B4 /* uiSwiftUITests.xctest */,
			);
			name = Products;
			sourceTree = "<group>";
		};
		9C7E133029665B9F006347B4 /* uiSwift */ = {
			isa = PBXGroup;
			children = (
				9C7E133129665B9F006347B4 /* uiSwiftApp.swift */,
				9C7E133329665B9F006347B4 /* ContentView.swift */,
				9C7E133529665BA0006347B4 /* Assets.xcassets */,
				9C7E133729665BA0006347B4 /* Preview Content */,
			);
			path = uiSwift;
			sourceTree = "<group>";
		};
		9C7E133729665BA0006347B4 /* Preview Content */ = {
			isa = PBXGroup;
			children = (
				9C7E133829665BA0006347B4 /* Preview Assets.xcassets */,
			);
			path = "Preview Content";
			sourceTree = "<group>";
		};
		9C7E134129665BA0006347B4 /* uiSwiftTests */ = {
			isa = PBXGroup;
			children = (
				9C7E134229665BA0006347B4 /* uiSwiftTests.swift */,
			);
			path = uiSwiftTests;
			sourceTree = "<group>";
		};
		9C7E134B29665BA0006347B4 /* uiSwiftUITests */ = {
			isa = PBXGroup;
			children = (
				9C7E134C29665BA0006347B4 /* uiSwiftUITests.swift */,
				9C7E134E29665BA0006347B4 /* uiSwiftUITestsLaunchTests.swift */,
			);
			path = uiSwiftUITests;
			sourceTree = "<group>";
		};
/* End PBXGroup section */

/* Begin PBXNativeTarget section */
		9C7E132D29665B9F006347B4 /* uiSwift */ = {
			isa = PBXNativeTarget;
			buildConfigurationList = 9C7E135229665BA0006347B4 /* Build configuration list for PBXNativeTarget "uiSwift" */;
			buildPhases = (
				9C7E132A29665B9F006347B4 /* Sources */,
				9C7E132B29665B9F006347B4 /* Frameworks */,
				9C7E132C29665B9F006347B4 /* Resources */,
			);
			buildRules = (
			);
			dependencies = (
			);
			name = uiSwift;
			productName = uiSwift;
			productReference = 9C7E132E29665B9F006347B4 /* uiSwift.app */;
			productType = "com.apple.product-type.application";
		};
		9C7E133D29665BA0006347B4 /* uiSwiftTests */ = {
			isa = PBXNativeTarget;
			buildConfigurationList = 9C7E135529665BA0006347B4 /* Build configuration list for PBXNativeTarget "uiSwiftTests" */;
			buildPhases = (
				9C7E133A29665BA0006347B4 /* Sources */,
				9C7E133B29665BA0006347B4 /* Frameworks */,
				9C7E133C29665BA0006347B4 /* Resources */,
			);
			buildRules = (
			);
			dependencies = (
				9C7E134029665BA0006347B4 /* PBXTargetDependency */,
			);
			name = uiSwiftTests;
			productName = uiSwiftTests;
			productReference = 9C7E133E29665BA0006347B4 /* uiSwiftTests.xctest */;
			productType = "com.apple.product-type.bundle.unit-test";
		};
		9C7E134729665BA0006347B4 /* uiSwiftUITests */ = {
			isa = PBXNativeTarget;
			buildConfigurationList = 9C7E135829665BA0006347B4 /* Build configuration list for PBXNativeTarget "uiSwiftUITests" */;
			buildPhases = (
				9C7E134429665BA0006347B4 /* Sources */,
				9C7E134529665BA0006347B4 /* Frameworks */,
				9C7E134629665BA0006347B4 /* Resources */,
			);
			buildRules = (
			);
			dependencies = (
				9C7E134A29665BA0006347B4 /* PBXTargetDependency */,
			);
			name = uiSwiftUITests;
			productName = uiSwiftUITests;
			productReference = 9C7E134829665BA0006347B4 /* uiSwiftUITests.xctest */;
			productType = "com.apple.product-type.bundle.ui-testing";
		};
/* End PBXNativeTarget section */

/* Begin PBXProject section */
		9C7E132629665B9F006347B4 /* Project object */ = {
			isa = PBXProject;
			attributes = {
				BuildIndependentTargetsInParallel = 1;
				LastSwiftUpdateCheck = 1420;
				LastUpgradeCheck = 1420;
				TargetAttributes = {
					9C7E132D29665B9F006347B4 = {
						CreatedOnToolsVersion = 14.2;
					};
					9C7E133D29665BA0006347B4 = {
						CreatedOnToolsVersion = 14.2;
						TestTargetID = 9C7E132D29665B9F006347B4;
					};
					9C7E134729665BA0006347B4 = {
						CreatedOnToolsVersion = 14.2;
						TestTargetID = 9C7E132D29665B9F006347B4;
					};
				};
			};
			buildConfigurationList = 9C7E132929665B9F006347B4 /* Build configuration list for PBXProject "uiSwift" */;
			compatibilityVersion = "Xcode 14.0";
			developmentRegion = en;
			hasScannedForEncodings = 0;
			knownRegions = (
				en,
				Base,
			);
			mainGroup = 9C7E132529665B9F006347B4;
			productRefGroup = 9C7E132F29665B9F006347B4 /* Products */;
			projectDirPath = "";
			projectRoot = "";
			targets = (
				9C7E132D29665B9F006347B4 /* uiSwift */,
				9C7E133D29665BA0006347B4 /* uiSwiftTests */,
				9C7E134729665BA0006347B4 /* uiSwiftUITests */,
			);
		};
/* End PBXProject section */

/* Begin PBXResourcesBuildPhase section */
		9C7E132C29665B9F006347B4 /* Resources */ = {
			isa = PBXResourcesBuildPhase;
			buildActionMask = 2147483647;
			files = (
				9C7E133929665BA0006347B4 /* Preview Assets.xcassets in Resources */,
				9C7E133629665BA0006347B4 /* Assets.xcassets in Resources */,
			);
			runOnlyForDeploymentPostprocessing = 0;
		};
		9C7E133C29665BA0006347B4 /* Resources */ = {
			isa = PBXResourcesBuildPhase;
			buildActionMask = 2147483647;
			files = (
			);
			runOnlyForDeploymentPostprocessing = 0;
		};
		9C7E134629665BA0006347B4 /* Resources */ = {
			isa = PBXResourcesBuildPhase;
			buildActionMask = 2147483647;
			files = (
			);
			runOnlyForDeploymentPostprocessing = 0;
		};
/* End PBXResourcesBuildPhase section */

/* Begin PBXSourcesBuildPhase section */
		9C7E132A29665B9F006347B4 /* Sources */ = {
			isa = PBXSourcesBuildPhase;
			buildActionMask = 2147483647;
			files = (
				9C7E133429665B9F006347B4 /* ContentView.swift in Sources */,
				9C7E133229665B9F006347B4 /* uiSwiftApp.swift in Sources */,
			);
			runOnlyForDeploymentPostprocessing = 0;
		};
		9C7E133A29665BA0006347B4 /* Sources */ = {
			isa = PBXSourcesBuildPhase;
			buildActionMask = 2147483647;
			files = (
				9C7E134329665BA0006347B4 /* uiSwiftTests.swift in Sources */,
			);
			runOnlyForDeploymentPostprocessing = 0;
		};
		9C7E134429665BA0006347B4 /* Sources */ = {
			isa = PBXSourcesBuildPhase;
			buildActionMask = 2147483647;
			files = (
				9C7E134F29665BA0006347B4 /* uiSwiftUITestsLaunchTests.swift in Sources */,
				9C7E134D29665BA0006347B4 /* uiSwiftUITests.swift in Sources */,
			);
			runOnlyForDeploymentPostprocessing = 0;
		};
/* End PBXSourcesBuildPhase section */

/* Begin PBXTargetDependency section */
		9C7E134029665BA0006347B4 /* PBXTargetDependency */ = {
			isa = PBXTargetDependency;
			target = 9C7E132D29665B9F006347B4 /* uiSwift */;
			targetProxy = 9C7E133F29665BA0006347B4 /* PBXContainerItemProxy */;
		};
		9C7E134A29665BA0006347B4 /* PBXTargetDependency */ = {
			isa = PBXTargetDependency;
			target = 9C7E132D29665B9F006347B4 /* uiSwift */;
			targetProxy = 9C7E134929665BA0006347B4 /* PBXContainerItemProxy */;
		};
/* End PBXTargetDependency section */

/* Begin XCBuildConfiguration section */
		9C7E135029665BA0006347B4 /* Debug */ = {
			isa = XCBuildConfiguration;
			buildSettings = {
				ALWAYS_SEARCH_USER_PATHS = NO;
				CLANG_ANALYZER_NONNULL = YES;
				CLANG_ANALYZER_NUMBER_OBJECT_CONVERSION = YES_AGGRESSIVE;
				CLANG_CXX_LANGUAGE_STANDARD = "gnu++20";
				CLANG_ENABLE_MODULES = YES;
				CLANG_ENABLE_OBJC_ARC = YES;
				CLANG_ENABLE_OBJC_WEAK = YES;
				CLANG_WARN_BLOCK_CAPTURE_AUTORELEASING = YES;
				CLANG_WARN_BOOL_CONVERSION = YES;
				CLANG_WARN_COMMA = YES;
				CLANG_WARN_CONSTANT_CONVERSION = YES;
				CLANG_WARN_DEPRECATED_OBJC_IMPLEMENTATIONS = YES;
				CLANG_WARN_DIRECT_OBJC_ISA_USAGE = YES_ERROR;
				CLANG_WARN_DOCUMENTATION_COMMENTS = YES;
				CLANG_WARN_EMPTY_BODY = YES;
				CLANG_WARN_ENUM_CONVERSION = YES;
				CLANG_WARN_INFINITE_RECURSION = YES;
				CLANG_WARN_INT_CONVERSION = YES;
				CLANG_WARN_NON_LITERAL_NULL_CONVERSION = YES;
				CLANG_WARN_OBJC_IMPLICIT_RETAIN_SELF = YES;
				CLANG_WARN_OBJC_LITERAL_CONVERSION = YES;
				CLANG_WARN_OBJC_ROOT_CLASS = YES_ERROR;
				CLANG_WARN_QUOTED_INCLUDE_IN_FRAMEWORK_HEADER = YES;
				CLANG_WARN_RANGE_LOOP_ANALYSIS = YES;
				CLANG_WARN_STRICT_PROTOTYPES = YES;
				CLANG_WARN_SUSPICIOUS_MOVE = YES;
				CLANG_WARN_UNGUARDED_AVAILABILITY = YES_AGGRESSIVE;
				CLANG_WARN_UNREACHABLE_CODE = YES;
				CLANG_WARN__DUPLICATE_METHOD_MATCH = YES;
				COPY_PHASE_STRIP = NO;
				DEBUG_INFORMATION_FORMAT = dwarf;
				ENABLE_STRICT_OBJC_MSGSEND = YES;
				ENABLE_TESTABILITY = YES;
				GCC_C_LANGUAGE_STANDARD = gnu11;
				GCC_DYNAMIC_NO_PIC = NO;
				GCC_NO_COMMON_BLOCKS = YES;
				GCC_OPTIMIZATION_LEVEL = 0;
				GCC_PREPROCESSOR_DEFINITIONS = (
					"DEBUG=1",
					"$(inherited)",
				);
				GCC_WARN_64_TO_32_BIT_CONVERSION = YES;
				GCC_WARN_ABOUT_RETURN_TYPE = YES_ERROR;
				GCC_WARN_UNDECLARED_SELECTOR = YES;
				GCC_WARN_UNINITIALIZED_AUTOS = YES_AGGRESSIVE;
				GCC_WARN_UNUSED_FUNCTION = YES;
				GCC_WARN_UNUSED_VARIABLE = YES;
				IPHONEOS_DEPLOYMENT_TARGET = 16.2;
				MTL_ENABLE_DEBUG_INFO = INCLUDE_SOURCE;
				MTL_FAST_MATH = YES;
				ONLY_ACTIVE_ARCH = YES;
				SDKROOT = iphoneos;
				SWIFT_ACTIVE_COMPILATION_CONDITIONS = DEBUG;
				SWIFT_OPTIMIZATION_LEVEL = "-Onone";
			};
			name = Debug;
		};
		9C7E135129665BA0006347B4 /* Release */ = {
			isa = XCBuildConfiguration;
			buildSettings = {
				ALWAYS_SEARCH_USER_PATHS = NO;
				CLANG_ANALYZER_NONNULL = YES;
				CLANG_ANALYZER_NUMBER_OBJECT_CONVERSION = YES_AGGRESSIVE;
				CLANG_CXX_LANGUAGE_STANDARD = "gnu++20";
				CLANG_ENABLE_MODULES = YES;
				CLANG_ENABLE_OBJC_ARC = YES;
				CLANG_ENABLE_OBJC_WEAK = YES;
				CLANG_WARN_BLOCK_CAPTURE_AUTORELEASING = YES;
				CLANG_WARN_BOOL_CONVERSION = YES;
				CLANG_WARN_COMMA = YES;
				CLANG_WARN_CONSTANT_CONVERSION = YES;
				CLANG_WARN_DEPRECATED_OBJC_IMPLEMENTATIONS = YES;
				CLANG_WARN_DIRECT_OBJC_ISA_USAGE = YES_ERROR;
				CLANG_WARN_DOCUMENTATION_COMMENTS = YES;
				CLANG_WARN_EMPTY_BODY = YES;
				CLANG_WARN_ENUM_CONVERSION = YES;
				CLANG_WARN_INFINITE_RECURSION = YES;
				CLANG_WARN_INT_CONVERSION = YES;
				CLANG_WARN_NON_LITERAL_NULL_CONVERSION = YES;
				CLANG_WARN_OBJC_IMPLICIT_RETAIN_SELF = YES;
				CLANG_WARN_OBJC_LITERAL_CONVERSION = YES;
				CLANG_WARN_OBJC_ROOT_CLASS = YES_ERROR;
				CLANG_WARN_QUOTED_INCLUDE_IN_FRAMEWORK_HEADER = YES;
				CLANG_WARN_RANGE_LOOP_ANALYSIS = YES;
				CLANG_WARN_STRICT_PROTOTYPES = YES;
				CLANG_WARN_SUSPICIOUS_MOVE = YES;
				CLANG_WARN_UNGUARDED_AVAILABILITY = YES_AGGRESSIVE;
				CLANG_WARN_UNREACHABLE_CODE = YES;
				CLANG_WARN__DUPLICATE_METHOD_MATCH = YES;
				COPY_PHASE_STRIP = NO;
				DEBUG_INFORMATION_FORMAT = "dwarf-with-dsym";
				ENABLE_NS_ASSERTIONS = NO;
				ENABLE_STRICT_OBJC_MSGSEND = YES;
				GCC_C_LANGUAGE_STANDARD = gnu11;
				GCC_NO_COMMON_BLOCKS = YES;
				GCC_WARN_64_TO_32_BIT_CONVERSION = YES;
				GCC_WARN_ABOUT_RETURN_TYPE = YES_ERROR;
				GCC_WARN_UNDECLARED_SELECTOR = YES;
				GCC_WARN_UNINITIALIZED_AUTOS = YES_AGGRESSIVE;
				GCC_WARN_UNUSED_FUNCTION = YES;
				GCC_WARN_UNUSED_VARIABLE = YES;
				IPHONEOS_DEPLOYMENT_TARGET = 16.2;
				MTL_ENABLE_DEBUG_INFO = NO;
				MTL_FAST_MATH = YES;
				SDKROOT = iphoneos;
				SWIFT_COMPILATION_MODE = wholemodule;
				SWIFT_OPTIMIZATION_LEVEL = "-O";
				VALIDATE_PRODUCT = YES;
			};
			name = Release;
		};
		9C7E135329665BA0006347B4 /* Debug */ = {
			isa = XCBuildConfiguration;
			buildSettings = {
				ASSETCATALOG_COMPILER_APPICON_NAME = AppIcon;
				ASSETCATALOG_COMPILER_GLOBAL_ACCENT_COLOR_NAME = AccentColor;
				CODE_SIGN_STYLE = Automatic;
				CURRENT_PROJECT_VERSION = 1;
				DEVELOPMENT_ASSET_PATHS = "\"uiSwift/Preview Content\"";
				DEVELOPMENT_TEAM = 8GBVM29B93;
				ENABLE_PREVIEWS = YES;
				GENERATE_INFOPLIST_FILE = YES;
				INFOPLIST_KEY_UIApplicationSceneManifest_Generation = YES;
				INFOPLIST_KEY_UIApplicationSupportsIndirectInputEvents = YES;
				INFOPLIST_KEY_UILaunchScreen_Generation = YES;
				INFOPLIST_KEY_UISupportedInterfaceOrientations_iPad = "UIInterfaceOrientationPortrait UIInterfaceOrientationPortraitUpsideDown UIInterfaceOrientationLandscapeLeft UIInterfaceOrientationLandscapeRight";
				INFOPLIST_KEY_UISupportedInterfaceOrientations_iPhone = "UIInterfaceOrientationPortrait UIInterfaceOrientationLandscapeLeft UIInterfaceOrientationLandscapeRight";
				LD_RUNPATH_SEARCH_PATHS = (
					"$(inherited)",
					"@executable_path/Frameworks",
				);
				MARKETING_VERSION = 1.0;
				PRODUCT_BUNDLE_IDENTIFIER = com.swift.product.uiSwift;
				PRODUCT_NAME = "$(TARGET_NAME)";
				SWIFT_EMIT_LOC_STRINGS = YES;
				SWIFT_VERSION = 5.0;
				TARGETED_DEVICE_FAMILY = "1,2";
			};
			name = Debug;
		};
		9C7E135429665BA0006347B4 /* Release */ = {
			isa = XCBuildConfiguration;
			buildSettings = {
				ASSETCATALOG_COMPILER_APPICON_NAME = AppIcon;
				ASSETCATALOG_COMPILER_GLOBAL_ACCENT_COLOR_NAME = AccentColor;
				CODE_SIGN_STYLE = Automatic;
				CURRENT_PROJECT_VERSION = 1;
				DEVELOPMENT_ASSET_PATHS = "\"uiSwift/Preview Content\"";
				DEVELOPMENT_TEAM = 8GBVM29B93;
				ENABLE_PREVIEWS = YES;
				GENERATE_INFOPLIST_FILE = YES;
				INFOPLIST_KEY_UIApplicationSceneManifest_Generation = YES;
				INFOPLIST_KEY_UIApplicationSupportsIndirectInputEvents = YES;
				INFOPLIST_KEY_UILaunchScreen_Generation = YES;
				INFOPLIST_KEY_UISupportedInterfaceOrientations_iPad = "UIInterfaceOrientationPortrait UIInterfaceOrientationPortraitUpsideDown UIInterfaceOrientationLandscapeLeft UIInterfaceOrientationLandscapeRight";
				INFOPLIST_KEY_UISupportedInterfaceOrientations_iPhone = "UIInterfaceOrientationPortrait UIInterfaceOrientationLandscapeLeft UIInterfaceOrientationLandscapeRight";
				LD_RUNPATH_SEARCH_PATHS = (
					"$(inherited)",
					"@executable_path/Frameworks",
				);
				MARKETING_VERSION = 1.0;
				PRODUCT_BUNDLE_IDENTIFIER = com.swift.product.uiSwift;
				PRODUCT_NAME = "$(TARGET_NAME)";
				SWIFT_EMIT_LOC_STRINGS = YES;
				SWIFT_VERSION = 5.0;
				TARGETED_DEVICE_FAMILY = "1,2";
			};
			name = Release;
		};
		9C7E135629665BA0006347B4 /* Debug */ = {
			isa = XCBuildConfiguration;
			buildSettings = {
				ALWAYS_EMBED_SWIFT_STANDARD_LIBRARIES = YES;
				BUNDLE_LOADER = "$(TEST_HOST)";
				CODE_SIGN_STYLE = Automatic;
				CURRENT_PROJECT_VERSION = 1;
				DEVELOPMENT_TEAM = 8GBVM29B93;
				GENERATE_INFOPLIST_FILE = YES;
				IPHONEOS_DEPLOYMENT_TARGET = 16.2;
				MARKETING_VERSION = 1.0;
				PRODUCT_BUNDLE_IDENTIFIER = com.swift.product.uiSwiftTests;
				PRODUCT_NAME = "$(TARGET_NAME)";
				SWIFT_EMIT_LOC_STRINGS = NO;
				SWIFT_VERSION = 5.0;
				TARGETED_DEVICE_FAMILY = "1,2";
				TEST_HOST = "$(BUILT_PRODUCTS_DIR)/uiSwift.app/$(BUNDLE_EXECUTABLE_FOLDER_PATH)/uiSwift";
			};
			name = Debug;
		};
		9C7E135729665BA0006347B4 /* Release */ = {
			isa = XCBuildConfiguration;
			buildSettings = {
				ALWAYS_EMBED_SWIFT_STANDARD_LIBRARIES = YES;
				BUNDLE_LOADER = "$(TEST_HOST)";
				CODE_SIGN_STYLE = Automatic;
				CURRENT_PROJECT_VERSION = 1;
				DEVELOPMENT_TEAM = 8GBVM29B93;
				GENERATE_INFOPLIST_FILE = YES;
				IPHONEOS_DEPLOYMENT_TARGET = 16.2;
				MARKETING_VERSION = 1.0;
				PRODUCT_BUNDLE_IDENTIFIER = com.swift.product.uiSwiftTests;
				PRODUCT_NAME = "$(TARGET_NAME)";
				SWIFT_EMIT_LOC_STRINGS = NO;
				SWIFT_VERSION = 5.0;
				TARGETED_DEVICE_FAMILY = "1,2";
				TEST_HOST = "$(BUILT_PRODUCTS_DIR)/uiSwift.app/$(BUNDLE_EXECUTABLE_FOLDER_PATH)/uiSwift";
			};
			name = Release;
		};
		9C7E135929665BA0006347B4 /* Debug */ = {
			isa = XCBuildConfiguration;
			buildSettings = {
				ALWAYS_EMBED_SWIFT_STANDARD_LIBRARIES = YES;
				CODE_SIGN_STYLE = Automatic;
				CURRENT_PROJECT_VERSION = 1;
				DEVELOPMENT_TEAM = 8GBVM29B93;
				GENERATE_INFOPLIST_FILE = YES;
				MARKETING_VERSION = 1.0;
				PRODUCT_BUNDLE_IDENTIFIER = com.swift.product.uiSwiftUITests;
				PRODUCT_NAME = "$(TARGET_NAME)";
				SWIFT_EMIT_LOC_STRINGS = NO;
				SWIFT_VERSION = 5.0;
				TARGETED_DEVICE_FAMILY = "1,2";
				TEST_TARGET_NAME = uiSwift;
			};
			name = Debug;
		};
		9C7E135A29665BA0006347B4 /* Release */ = {
			isa = XCBuildConfiguration;
			buildSettings = {
				ALWAYS_EMBED_SWIFT_STANDARD_LIBRARIES = YES;
				CODE_SIGN_STYLE = Automatic;
				CURRENT_PROJECT_VERSION = 1;
				DEVELOPMENT_TEAM = 8GBVM29B93;
				GENERATE_INFOPLIST_FILE = YES;
				MARKETING_VERSION = 1.0;
				PRODUCT_BUNDLE_IDENTIFIER = com.swift.product.uiSwiftUITests;
				PRODUCT_NAME = "$(TARGET_NAME)";
				SWIFT_EMIT_LOC_STRINGS = NO;
				SWIFT_VERSION = 5.0;
				TARGETED_DEVICE_FAMILY = "1,2";
				TEST_TARGET_NAME = uiSwift;
			};
			name = Release;
		};
/* End XCBuildConfiguration section */

/* Begin XCConfigurationList section */
		9C7E132929665B9F006347B4 /* Build configuration list for PBXProject "uiSwift" */ = {
			isa = XCConfigurationList;
			buildConfigurations = (
				9C7E135029665BA0006347B4 /* Debug */,
				9C7E135129665BA0006347B4 /* Release */,
			);
			defaultConfigurationIsVisible = 0;
			defaultConfigurationName = Release;
		};
		9C7E135229665BA0006347B4 /* Build configuration list for PBXNativeTarget "uiSwift" */ = {
			isa = XCConfigurationList;
			buildConfigurations = (
				9C7E135329665BA0006347B4 /* Debug */,
				9C7E135429665BA0006347B4 /* Release */,
			);
			defaultConfigurationIsVisible = 0;
			defaultConfigurationName = Release;
		};
		9C7E135529665BA0006347B4 /* Build configuration list for PBXNativeTarget "uiSwiftTests" */ = {
			isa = XCConfigurationList;
			buildConfigurations = (
				9C7E135629665BA0006347B4 /* Debug */,
				9C7E135729665BA0006347B4 /* Release */,
			);
			defaultConfigurationIsVisible = 0;
			defaultConfigurationName = Release;
		};
		9C7E135829665BA0006347B4 /* Build configuration list for PBXNativeTarget "uiSwiftUITests" */ = {
			isa = XCConfigurationList;
			buildConfigurations = (
				9C7E135929665BA0006347B4 /* Debug */,
				9C7E135A29665BA0006347B4 /* Release */,
			);
			defaultConfigurationIsVisible = 0;
			defaultConfigurationName = Release;
		};
/* End XCConfigurationList section */
	};
	rootObject = 9C7E132629665B9F006347B4 /* Project object */;
}
